
Microsoft Visual Studio Solution File, Format Version 12.00
# Visual Studio Version 17
VisualStudioVersion = 17.3.32901.215
MinimumVisualStudioVersion = 10.0.40219.1
Project("{FAE04EC0-301F-11D3-BF4B-00C04F79EFBC}") = "10.08.2023", "10.08.2023\10.08.2023.csproj", "{DAE93301-6B85-4E9A-BC15-2BA1EDC85618}"
EndProject
Project("{FAE04EC0-301F-11D3-BF4B-00C04F79EFBC}") = "ConsoleApp1", "ConsoleApp1\ConsoleApp1.csproj", "{A594D0C8-5AD6-46FE-9251-6C7FBE4F0CB9}"
EndProject
Project("{FAE04EC0-301F-11D3-BF4B-00C04F79EFBC}") = "ConsoleApp2", "ConsoleApp2\ConsoleApp2.csproj", "{076CFBCB-E304-42AE-8CCC-06BF7A583E72}"
EndProject
Project("{FAE04EC0-301F-11D3-BF4B-00C04F79EFBC}") = "ConsoleApp3", "ConsoleApp3\ConsoleApp3.csproj", "{F09C2373-1C2B-4CC8-9D80-76453419EFC3}"
EndProject
Global
	GlobalSection(SolutionConfigurationPlatforms) = preSolution
		Debug|Any CPU = Debug|Any CPU
		Release|Any CPU = Release|Any CPU
	EndGlobalSection
	GlobalSection(ProjectConfigurationPlatforms) = postSolution
		{DAE93301-6B85-4E9A-BC15-2BA1EDC85618}.Debug|Any CPU.ActiveCfg = Debug|Any CPU
		{DAE93301-6B85-4E9A-BC15-2BA1EDC85618}.Debug|Any CPU.Build.0 = Debug|Any CPU
		{DAE93301-6B85-4E9A-BC15-2BA1EDC85618}.Release|Any CPU.ActiveCfg = Release|Any CPU
		{DAE93301-6B85-4E9A-BC15-2BA1EDC85618}.Release|Any CPU.Build.0 = Release|Any CPU
		{A594D0C8-5AD6-46FE-9251-6C7FBE4F0CB9}.Debug|Any CPU.ActiveCfg = Debug|Any CPU
		{A594D0C8-5AD6-46FE-9251-6C7FBE4F0CB9}.Debug|Any CPU.Build.0 = Debug|Any CPU
		{A594D0C8-5AD6-46FE-9251-6C7FBE4F0CB9}.Release|Any CPU.ActiveCfg = Release|Any CPU
		{A594D0C8-5AD6-46FE-9251-6C7FBE4F0CB9}.Release|Any CPU.Build.0 = Release|Any CPU
		{076CFBCB-E304-42AE-8CCC-06BF7A583E72}.Debug|Any CPU.ActiveCfg = Debug|Any CPU
		{076CFBCB-E304-42AE-8CCC-06BF7A583E72}.Debug|Any CPU.Build.0 = Debug|Any CPU
		{076CFBCB-E304-42AE-8CCC-06BF7A583E72}.Release|Any CPU.ActiveCfg = Release|Any CPU
		{076CFBCB-E304-42AE-8CCC-06BF7A583E72}.Release|Any CPU.Build.0 = Release|Any CPU
		{F09C2373-1C2B-4CC8-9D80-76453419EFC3}.Debug|Any CPU.ActiveCfg = Debug|Any CPU
		{F09C2373-1C2B-4CC8-9D80-76453419EFC3}.Debug|Any CPU.Build.0 = Debug|Any CPU
		{F09C2373-1C2B-4CC8-9D80-76453419EFC3}.Release|Any CPU.ActiveCfg = Release|Any CPU
		{F09C2373-1C2B-4CC8-9D80-76453419EFC3}.Release|Any CPU.Build.0 = Release|Any CPU
	EndGlobalSection
	GlobalSection(SolutionProperties) = preSolution
		HideSolutionNode = FALSE
	EndGlobalSection
	GlobalSection(ExtensibilityGlobals) = postSolution
		SolutionGuid = {B8FAA90B-5155-4337-9877-52F932902D32}
	EndGlobalSection
EndGlobal
